
Microsoft Visual Studio Solution File, Format Version 12.00
# Visual Studio Version 16
VisualStudioVersion = 16.0.30523.141
MinimumVisualStudioVersion = 10.0.40219.1
Project("{FAE04EC0-301F-11D3-BF4B-00C04F79EFBC}") = "AspNetCoreWebSocketDatabasePush", "AspNetCoreWebSocketDatabasePush\AspNetCoreWebSocketDatabasePush.csproj", "{1BC8D04B-2C0E-46A9-801C-83D937BB3C03}"
EndProject
Global
	GlobalSection(SolutionConfigurationPlatforms) = preSolution
		Debug|Any CPU = Debug|Any CPU
		Release|Any CPU = Release|Any CPU
	EndGlobalSection
	GlobalSection(ProjectConfigurationPlatforms) = postSolution
		{1BC8D04B-2C0E-46A9-801C-83D937BB3C03}.Debug|Any CPU.ActiveCfg = Debug|Any CPU
		{1BC8D04B-2C0E-46A9-801C-83D937BB3C03}.Debug|Any CPU.Build.0 = Debug|Any CPU
		{1BC8D04B-2C0E-46A9-801C-83D937BB3C03}.Release|Any CPU.ActiveCfg = Release|Any CPU
		{1BC8D04B-2C0E-46A9-801C-83D937BB3C03}.Release|Any CPU.Build.0 = Release|Any CPU
	EndGlobalSection
	GlobalSection(SolutionProperties) = preSolution
		HideSolutionNode = FALSE
	EndGlobalSection
	GlobalSection(ExtensibilityGlobals) = postSolution
		SolutionGuid = {C8B09AEB-12F8-4FB8-89A9-6F5ACA5703B9}
	EndGlobalSection
EndGlobal
